
Microsoft Visual Studio Solution File, Format Version 12.00
# Visual Studio Version 17
VisualStudioVersion = 17.7.34018.315
MinimumVisualStudioVersion = 10.0.40219.1
Project("{FAE04EC0-301F-11D3-BF4B-00C04F79EFBC}") = "PlayerMAnagemenr", "PlayerMAnagemenr\PlayerMAnagemenr.csproj", "{8E83CA67-F534-48BA-8A5D-35937158BC81}"
EndProject
Global
	GlobalSection(SolutionConfigurationPlatforms) = preSolution
		Debug|Any CPU = Debug|Any CPU
		Release|Any CPU = Release|Any CPU
	EndGlobalSection
	GlobalSection(ProjectConfigurationPlatforms) = postSolution
		{8E83CA67-F534-48BA-8A5D-35937158BC81}.Debug|Any CPU.ActiveCfg = Debug|Any CPU
		{8E83CA67-F534-48BA-8A5D-35937158BC81}.Debug|Any CPU.Build.0 = Debug|Any CPU
		{8E83CA67-F534-48BA-8A5D-35937158BC81}.Release|Any CPU.ActiveCfg = Release|Any CPU
		{8E83CA67-F534-48BA-8A5D-35937158BC81}.Release|Any CPU.Build.0 = Release|Any CPU
	EndGlobalSection
	GlobalSection(SolutionProperties) = preSolution
		HideSolutionNode = FALSE
	EndGlobalSection
	GlobalSection(ExtensibilityGlobals) = postSolution
		SolutionGuid = {D231105E-965D-42F1-9575-7414714BF633}
	EndGlobalSection
EndGlobal
